
Microsoft Visual Studio Solution File, Format Version 12.00
# Visual Studio Version 16
VisualStudioVersion = 16.0.30804.86
MinimumVisualStudioVersion = 10.0.40219.1
Project("{FAE04EC0-301F-11D3-BF4B-00C04F79EFBC}") = "AvalonEdit.UWP", "AvalonEdit.UWP\AvalonEdit.UWP.csproj", "{73C8E559-0B72-4829-AB36-EAF72EF35AEE}"
EndProject
Project("{FAE04EC0-301F-11D3-BF4B-00C04F79EFBC}") = "AvalonEdit.Core", "AvalonEdit.Core\AvalonEdit.Core.csproj", "{E0AA18CF-B3E5-446D-827F-6B16CC3CF4ED}"
EndProject
Global
	GlobalSection(SolutionConfigurationPlatforms) = preSolution
		Debug|Any CPU = Debug|Any CPU
		Debug|ARM = Debug|ARM
		Debug|ARM64 = Debug|ARM64
		Debug|x64 = Debug|x64
		Debug|x86 = Debug|x86
		Release|Any CPU = Release|Any CPU
		Release|ARM = Release|ARM
		Release|ARM64 = Release|ARM64
		Release|x64 = Release|x64
		Release|x86 = Release|x86
	EndGlobalSection
	GlobalSection(ProjectConfigurationPlatforms) = postSolution
		{73C8E559-0B72-4829-AB36-EAF72EF35AEE}.Debug|Any CPU.ActiveCfg = Debug|x86
		{73C8E559-0B72-4829-AB36-EAF72EF35AEE}.Debug|ARM.ActiveCfg = Debug|ARM
		{73C8E559-0B72-4829-AB36-EAF72EF35AEE}.Debug|ARM.Build.0 = Debug|ARM
		{73C8E559-0B72-4829-AB36-EAF72EF35AEE}.Debug|ARM.Deploy.0 = Debug|ARM
		{73C8E559-0B72-4829-AB36-EAF72EF35AEE}.Debug|ARM64.ActiveCfg = Debug|ARM64
		{73C8E559-0B72-4829-AB36-EAF72EF35AEE}.Debug|ARM64.Build.0 = Debug|ARM64
		{73C8E559-0B72-4829-AB36-EAF72EF35AEE}.Debug|ARM64.Deploy.0 = Debug|ARM64
		{73C8E559-0B72-4829-AB36-EAF72EF35AEE}.Debug|x64.ActiveCfg = Debug|x64
		{73C8E559-0B72-4829-AB36-EAF72EF35AEE}.Debug|x64.Build.0 = Debug|x64
		{73C8E559-0B72-4829-AB36-EAF72EF35AEE}.Debug|x64.Deploy.0 = Debug|x64
		{73C8E559-0B72-4829-AB36-EAF72EF35AEE}.Debug|x86.ActiveCfg = Debug|x86
		{73C8E559-0B72-4829-AB36-EAF72EF35AEE}.Debug|x86.Build.0 = Debug|x86
		{73C8E559-0B72-4829-AB36-EAF72EF35AEE}.Debug|x86.Deploy.0 = Debug|x86
		{73C8E559-0B72-4829-AB36-EAF72EF35AEE}.Release|Any CPU.ActiveCfg = Release|x86
		{73C8E559-0B72-4829-AB36-EAF72EF35AEE}.Release|ARM.ActiveCfg = Release|ARM
		{73C8E559-0B72-4829-AB36-EAF72EF35AEE}.Release|ARM.Build.0 = Release|ARM
		{73C8E559-0B72-4829-AB36-EAF72EF35AEE}.Release|ARM.Deploy.0 = Release|ARM
		{73C8E559-0B72-4829-AB36-EAF72EF35AEE}.Release|ARM64.ActiveCfg = Release|ARM64
		{73C8E559-0B72-4829-AB36-EAF72EF35AEE}.Release|ARM64.Build.0 = Release|ARM64
		{73C8E559-0B72-4829-AB36-EAF72EF35AEE}.Release|ARM64.Deploy.0 = Release|ARM64
		{73C8E559-0B72-4829-AB36-EAF72EF35AEE}.Release|x64.ActiveCfg = Release|x64
		{73C8E559-0B72-4829-AB36-EAF72EF35AEE}.Release|x64.Build.0 = Release|x64
		{73C8E559-0B72-4829-AB36-EAF72EF35AEE}.Release|x64.Deploy.0 = Release|x64
		{73C8E559-0B72-4829-AB36-EAF72EF35AEE}.Release|x86.ActiveCfg = Release|x86
		{73C8E559-0B72-4829-AB36-EAF72EF35AEE}.Release|x86.Build.0 = Release|x86
		{73C8E559-0B72-4829-AB36-EAF72EF35AEE}.Release|x86.Deploy.0 = Release|x86
		{E0AA18CF-B3E5-446D-827F-6B16CC3CF4ED}.Debug|Any CPU.ActiveCfg = Debug|Any CPU
		{E0AA18CF-B3E5-446D-827F-6B16CC3CF4ED}.Debug|Any CPU.Build.0 = Debug|Any CPU
		{E0AA18CF-B3E5-446D-827F-6B16CC3CF4ED}.Debug|ARM.ActiveCfg = Debug|Any CPU
		{E0AA18CF-B3E5-446D-827F-6B16CC3CF4ED}.Debug|ARM.Build.0 = Debug|Any CPU
		{E0AA18CF-B3E5-446D-827F-6B16CC3CF4ED}.Debug|ARM64.ActiveCfg = Debug|Any CPU
		{E0AA18CF-B3E5-446D-827F-6B16CC3CF4ED}.Debug|ARM64.Build.0 = Debug|Any CPU
		{E0AA18CF-B3E5-446D-827F-6B16CC3CF4ED}.Debug|x64.ActiveCfg = Debug|Any CPU
		{E0AA18CF-B3E5-446D-827F-6B16CC3CF4ED}.Debug|x64.Build.0 = Debug|Any CPU
		{E0AA18CF-B3E5-446D-827F-6B16CC3CF4ED}.Debug|x86.ActiveCfg = Debug|Any CPU
		{E0AA18CF-B3E5-446D-827F-6B16CC3CF4ED}.Debug|x86.Build.0 = Debug|Any CPU
		{E0AA18CF-B3E5-446D-827F-6B16CC3CF4ED}.Release|Any CPU.ActiveCfg = Release|Any CPU
		{E0AA18CF-B3E5-446D-827F-6B16CC3CF4ED}.Release|Any CPU.Build.0 = Release|Any CPU
		{E0AA18CF-B3E5-446D-827F-6B16CC3CF4ED}.Release|ARM.ActiveCfg = Release|Any CPU
		{E0AA18CF-B3E5-446D-827F-6B16CC3CF4ED}.Release|ARM.Build.0 = Release|Any CPU
		{E0AA18CF-B3E5-446D-827F-6B16CC3CF4ED}.Release|ARM64.ActiveCfg = Release|Any CPU
		{E0AA18CF-B3E5-446D-827F-6B16CC3CF4ED}.Release|ARM64.Build.0 = Release|Any CPU
		{E0AA18CF-B3E5-446D-827F-6B16CC3CF4ED}.Release|x64.ActiveCfg = Release|Any CPU
		{E0AA18CF-B3E5-446D-827F-6B16CC3CF4ED}.Release|x64.Build.0 = Release|Any CPU
		{E0AA18CF-B3E5-446D-827F-6B16CC3CF4ED}.Release|x86.ActiveCfg = Release|Any CPU
		{E0AA18CF-B3E5-446D-827F-6B16CC3CF4ED}.Release|x86.Build.0 = Release|Any CPU
	EndGlobalSection
	GlobalSection(SolutionProperties) = preSolution
		HideSolutionNode = FALSE
	EndGlobalSection
	GlobalSection(ExtensibilityGlobals) = postSolution
		SolutionGuid = {C56EC8EF-4E4C-44D6-9D5D-8B6F61947B41}
	EndGlobalSection
EndGlobal
